
Microsoft Visual Studio Solution File, Format Version 12.00
# Visual Studio Version 17
VisualStudioVersion = 17.4.33122.133
MinimumVisualStudioVersion = 10.0.40219.1
Project("{FAE04EC0-301F-11D3-BF4B-00C04F79EFBC}") = "KALKULATORBMI", "KALKULATORBMI\KALKULATORBMI.csproj", "{59F5D40B-5BE4-46E4-8D26-4AF7A59C8CD8}"
EndProject
Global
	GlobalSection(SolutionConfigurationPlatforms) = preSolution
		Debug|Any CPU = Debug|Any CPU
		Release|Any CPU = Release|Any CPU
	EndGlobalSection
	GlobalSection(ProjectConfigurationPlatforms) = postSolution
		{59F5D40B-5BE4-46E4-8D26-4AF7A59C8CD8}.Debug|Any CPU.ActiveCfg = Debug|Any CPU
		{59F5D40B-5BE4-46E4-8D26-4AF7A59C8CD8}.Debug|Any CPU.Build.0 = Debug|Any CPU
		{59F5D40B-5BE4-46E4-8D26-4AF7A59C8CD8}.Release|Any CPU.ActiveCfg = Release|Any CPU
		{59F5D40B-5BE4-46E4-8D26-4AF7A59C8CD8}.Release|Any CPU.Build.0 = Release|Any CPU
	EndGlobalSection
	GlobalSection(SolutionProperties) = preSolution
		HideSolutionNode = FALSE
	EndGlobalSection
	GlobalSection(ExtensibilityGlobals) = postSolution
		SolutionGuid = {5F2EB22F-E9DB-4D12-BF3A-9AC8FA434FA6}
	EndGlobalSection
EndGlobal
